{
  "name": "ejercicio3",
  "version": "1.0.0",
  "lockfileVersion": 1,
  "requires": true,
  "dependencies": {
    "numero-palabra": {
      "version": "1.0.1",
      "resolved": "https://registry.npmjs.org/numero-palabra/-/numero-palabra-1.0.1.tgz",
      "integrity": "sha512-cbcQO2QMVpSnHF7MKRqXbDQ5TTZQOg4e4NqVVKiehGgJanb1XEDzUrNOAE0eOZYjtMNlte4W/M1W4y9cIoseWQ=="
    }
  }
}
